// !$*UTF8*$!
{
	archiveVersion = 1;
	classes = {
	};
	objectVersion = 46;
	objects = {

/* Begin PBXBuildFile section */
		521F5AD31E21642A00889FE1 /* AppDelegate.swift in Sources */ = {isa = PBXBuildFile; fileRef = 521F5AD21E21642A00889FE1 /* AppDelegate.swift */; };
		521F5AD51E21642A00889FE1 /* ViewController.swift in Sources */ = {isa = PBXBuildFile; fileRef = 521F5AD41E21642A00889FE1 /* ViewController.swift */; };
		521F5AD81E21642A00889FE1 /* Main.storyboard in Resources */ = {isa = PBXBuildFile; fileRef = 521F5AD61E21642A00889FE1 /* Main.storyboard */; };
		521F5ADA1E21642A00889FE1 /* Assets.xcassets in Resources */ = {isa = PBXBuildFile; fileRef = 521F5AD91E21642A00889FE1 /* Assets.xcassets */; };
		521F5ADD1E21642A00889FE1 /* LaunchScreen.storyboard in Resources */ = {isa = PBXBuildFile; fileRef = 521F5ADB1E21642A00889FE1 /* LaunchScreen.storyboard */; };
		521F5AE51E21644500889FE1 /* CoreDataStack.swift in Sources */ = {isa = PBXBuildFile; fileRef = 521F5AE41E21644500889FE1 /* CoreDataStack.swift */; };
		529548F91E22C43600896D67 /* TodoFetchResultsController.swift in Sources */ = {isa = PBXBuildFile; fileRef = 529548F81E22C43600896D67 /* TodoFetchResultsController.swift */; };
		52B6C4E21E2203D10080B5EF /* TodoList.xcdatamodeld in Sources */ = {isa = PBXBuildFile; fileRef = 52B6C4E01E2203D10080B5EF /* TodoList.xcdatamodeld */; };
		52B6C4E41E220E230080B5EF /* TodoListTableViewController.swift in Sources */ = {isa = PBXBuildFile; fileRef = 52B6C4E31E220E230080B5EF /* TodoListTableViewController.swift */; };
		52B6C4F31E2219F50080B5EF /* Item+CoreDataClass.swift in Sources */ = {isa = PBXBuildFile; fileRef = 52B6C4F11E2219F50080B5EF /* Item+CoreDataClass.swift */; };
		52B6C4F41E2219F50080B5EF /* Item+CoreDataProperties.swift in Sources */ = {isa = PBXBuildFile; fileRef = 52B6C4F21E2219F50080B5EF /* Item+CoreDataProperties.swift */; };
/* End PBXBuildFile section */

/* Begin PBXFileReference section */
		521F5ACF1E21642A00889FE1 /* TodoList.app */ = {isa = PBXFileReference; explicitFileType = wrapper.application; includeInIndex = 0; path = TodoList.app; sourceTree = BUILT_PRODUCTS_DIR; };
		521F5AD21E21642A00889FE1 /* AppDelegate.swift */ = {isa = PBXFileReference; lastKnownFileType = sourcecode.swift; path = AppDelegate.swift; sourceTree = "<group>"; };
		521F5AD41E21642A00889FE1 /* ViewController.swift */ = {isa = PBXFileReference; lastKnownFileType = sourcecode.swift; path = ViewController.swift; sourceTree = "<group>"; };
		521F5AD71E21642A00889FE1 /* Base */ = {isa = PBXFileReference; lastKnownFileType = file.storyboard; name = Base; path = Base.lproj/Main.storyboard; sourceTree = "<group>"; };
		521F5AD91E21642A00889FE1 /* Assets.xcassets */ = {isa = PBXFileReference; lastKnownFileType = folder.assetcatalog; path = Assets.xcassets; sourceTree = "<group>"; };
		521F5ADC1E21642A00889FE1 /* Base */ = {isa = PBXFileReference; lastKnownFileType = file.storyboard; name = Base; path = Base.lproj/LaunchScreen.storyboard; sourceTree = "<group>"; };
		521F5ADE1E21642A00889FE1 /* Info.plist */ = {isa = PBXFileReference; lastKnownFileType = text.plist.xml; path = Info.plist; sourceTree = "<group>"; };
		521F5AE41E21644500889FE1 /* CoreDataStack.swift */ = {isa = PBXFileReference; fileEncoding = 4; lastKnownFileType = sourcecode.swift; path = CoreDataStack.swift; sourceTree = "<group>"; };
		529548F81E22C43600896D67 /* TodoFetchResultsController.swift */ = {isa = PBXFileReference; fileEncoding = 4; lastKnownFileType = sourcecode.swift; path = TodoFetchResultsController.swift; sourceTree = "<group>"; };
		52B6C4E11E2203D10080B5EF /* TodoList.xcdatamodel */ = {isa = PBXFileReference; lastKnownFileType = wrapper.xcdatamodel; path = TodoList.xcdatamodel; sourceTree = "<group>"; };
		52B6C4E31E220E230080B5EF /* TodoListTableViewController.swift */ = {isa = PBXFileReference; fileEncoding = 4; lastKnownFileType = sourcecode.swift; path = TodoListTableViewController.swift; sourceTree = "<group>"; };
		52B6C4F11E2219F50080B5EF /* Item+CoreDataClass.swift */ = {isa = PBXFileReference; fileEncoding = 4; lastKnownFileType = sourcecode.swift; path = "Item+CoreDataClass.swift"; sourceTree = "<group>"; };
		52B6C4F21E2219F50080B5EF /* Item+CoreDataProperties.swift */ = {isa = PBXFileReference; fileEncoding = 4; lastKnownFileType = sourcecode.swift; path = "Item+CoreDataProperties.swift"; sourceTree = "<group>"; };
/* End PBXFileReference section */

/* Begin PBXFrameworksBuildPhase section */
		521F5ACC1E21642900889FE1 /* Frameworks */ = {
			isa = PBXFrameworksBuildPhase;
			buildActionMask = 2147483647;
			files = (
			);
			runOnlyForDeploymentPostprocessing = 0;
		};
/* End PBXFrameworksBuildPhase section */

/* Begin PBXGroup section */
		521F5AC61E21642900889FE1 = {
			isa = PBXGroup;
			children = (
				521F5AD11E21642A00889FE1 /* TodoList */,
				521F5AD01E21642A00889FE1 /* Products */,
			);
			sourceTree = "<group>";
		};
		521F5AD01E21642A00889FE1 /* Products */ = {
			isa = PBXGroup;
			children = (
				521F5ACF1E21642A00889FE1 /* TodoList.app */,
			);
			name = Products;
			sourceTree = "<group>";
		};
		521F5AD11E21642A00889FE1 /* TodoList */ = {
			isa = PBXGroup;
			children = (
				52B6C4F11E2219F50080B5EF /* Item+CoreDataClass.swift */,
				52B6C4F21E2219F50080B5EF /* Item+CoreDataProperties.swift */,
				521F5AD21E21642A00889FE1 /* AppDelegate.swift */,
				521F5AD41E21642A00889FE1 /* ViewController.swift */,
				521F5AD61E21642A00889FE1 /* Main.storyboard */,
				521F5AD91E21642A00889FE1 /* Assets.xcassets */,
				521F5ADB1E21642A00889FE1 /* LaunchScreen.storyboard */,
				521F5ADE1E21642A00889FE1 /* Info.plist */,
				521F5AE41E21644500889FE1 /* CoreDataStack.swift */,
				52B6C4E01E2203D10080B5EF /* TodoList.xcdatamodeld */,
				52B6C4E31E220E230080B5EF /* TodoListTableViewController.swift */,
				529548F81E22C43600896D67 /* TodoFetchResultsController.swift */,
			);
			path = TodoList;
			sourceTree = "<group>";
		};
/* End PBXGroup section */

/* Begin PBXNativeTarget section */
		521F5ACE1E21642900889FE1 /* TodoList */ = {
			isa = PBXNativeTarget;
			buildConfigurationList = 521F5AE11E21642A00889FE1 /* Build configuration list for PBXNativeTarget "TodoList" */;
			buildPhases = (
				521F5ACB1E21642900889FE1 /* Sources */,
				521F5ACC1E21642900889FE1 /* Frameworks */,
				521F5ACD1E21642900889FE1 /* Resources */,
			);
			buildRules = (
			);
			dependencies = (
			);
			name = TodoList;
			productName = TodoList;
			productReference = 521F5ACF1E21642A00889FE1 /* TodoList.app */;
			productType = "com.apple.product-type.application";
		};
/* End PBXNativeTarget section */

/* Begin PBXProject section */
		521F5AC71E21642900889FE1 /* Project object */ = {
			isa = PBXProject;
			attributes = {
				LastSwiftUpdateCheck = 0810;
				LastUpgradeCheck = 0810;
				ORGANIZATIONNAME = "John Roque deLeon Jorillo";
				TargetAttributes = {
					521F5ACE1E21642900889FE1 = {
						CreatedOnToolsVersion = 8.1;
						ProvisioningStyle = Automatic;
					};
				};
			};
			buildConfigurationList = 521F5ACA1E21642900889FE1 /* Build configuration list for PBXProject "TodoList" */;
			compatibilityVersion = "Xcode 3.2";
			developmentRegion = English;
			hasScannedForEncodings = 0;
			knownRegions = (
				en,
				Base,
			);
			mainGroup = 521F5AC61E21642900889FE1;
			productRefGroup = 521F5AD01E21642A00889FE1 /* Products */;
			projectDirPath = "";
			projectRoot = "";
			targets = (
				521F5ACE1E21642900889FE1 /* TodoList */,
			);
		};
/* End PBXProject section */

/* Begin PBXResourcesBuildPhase section */
		521F5ACD1E21642900889FE1 /* Resources */ = {
			isa = PBXResourcesBuildPhase;
			buildActionMask = 2147483647;
			files = (
				521F5ADD1E21642A00889FE1 /* LaunchScreen.storyboard in Resources */,
				521F5ADA1E21642A00889FE1 /* Assets.xcassets in Resources */,
				521F5AD81E21642A00889FE1 /* Main.storyboard in Resources */,
			);
			runOnlyForDeploymentPostprocessing = 0;
		};
/* End PBXResourcesBuildPhase section */

/* Begin PBXSourcesBuildPhase section */
		521F5ACB1E21642900889FE1 /* Sources */ = {
			isa = PBXSourcesBuildPhase;
			buildActionMask = 2147483647;
			files = (
				52B6C4F41E2219F50080B5EF /* Item+CoreDataProperties.swift in Sources */,
				52B6C4F31E2219F50080B5EF /* Item+CoreDataClass.swift in Sources */,
				521F5AE51E21644500889FE1 /* CoreDataStack.swift in Sources */,
				521F5AD51E21642A00889FE1 /* ViewController.swift in Sources */,
				52B6C4E41E220E230080B5EF /* TodoListTableViewController.swift in Sources */,
				529548F91E22C43600896D67 /* TodoFetchResultsController.swift in Sources */,
				521F5AD31E21642A00889FE1 /* AppDelegate.swift in Sources */,
				52B6C4E21E2203D10080B5EF /* TodoList.xcdatamodeld in Sources */,
			);
			runOnlyForDeploymentPostprocessing = 0;
		};
/* End PBXSourcesBuildPhase section */

/* Begin PBXVariantGroup section */
		521F5AD61E21642A00889FE1 /* Main.storyboard */ = {
			isa = PBXVariantGroup;
			children = (
				521F5AD71E21642A00889FE1 /* Base */,
			);
			name = Main.storyboard;
			sourceTree = "<group>";
		};
		521F5ADB1E21642A00889FE1 /* LaunchScreen.storyboard */ = {
			isa = PBXVariantGroup;
			children = (
				521F5ADC1E21642A00889FE1 /* Base */,
			);
			name = LaunchScreen.storyboard;
			sourceTree = "<group>";
		};
/* End PBXVariantGroup section */

/* Begin XCBuildConfiguration section */
		521F5ADF1E21642A00889FE1 /* Debug */ = {
			isa = XCBuildConfiguration;
			buildSettings = {
				ALWAYS_SEARCH_USER_PATHS = NO;
				CLANG_ANALYZER_NONNULL = YES;
				CLANG_CXX_LANGUAGE_STANDARD = "gnu++0x";
				CLANG_CXX_LIBRARY = "libc++";
				CLANG_ENABLE_MODULES = YES;
				CLANG_ENABLE_OBJC_ARC = YES;
				CLANG_WARN_BOOL_CONVERSION = YES;
				CLANG_WARN_CONSTANT_CONVERSION = YES;
				CLANG_WARN_DIRECT_OBJC_ISA_USAGE = YES_ERROR;
				CLANG_WARN_DOCUMENTATION_COMMENTS = YES;
				CLANG_WARN_EMPTY_BODY = YES;
				CLANG_WARN_ENUM_CONVERSION = YES;
				CLANG_WARN_INFINITE_RECURSION = YES;
				CLANG_WARN_INT_CONVERSION = YES;
				CLANG_WARN_OBJC_ROOT_CLASS = YES_ERROR;
				CLANG_WARN_SUSPICIOUS_MOVES = YES;
				CLANG_WARN_UNREACHABLE_CODE = YES;
				CLANG_WARN__DUPLICATE_METHOD_MATCH = YES;
				"CODE_SIGN_IDENTITY[sdk=iphoneos*]" = "iPhone Developer";
				COPY_PHASE_STRIP = NO;
				DEBUG_INFORMATION_FORMAT = dwarf;
				ENABLE_STRICT_OBJC_MSGSEND = YES;
				ENABLE_TESTABILITY = YES;
				GCC_C_LANGUAGE_STANDARD = gnu99;
				GCC_DYNAMIC_NO_PIC = NO;
				GCC_NO_COMMON_BLOCKS = YES;
				GCC_OPTIMIZATION_LEVEL = 0;
				GCC_PREPROCESSOR_DEFINITIONS = (
					"DEBUG=1",
					"$(inherited)",
				);
				GCC_WARN_64_TO_32_BIT_CONVERSION = YES;
				GCC_WARN_ABOUT_RETURN_TYPE = YES_ERROR;
				GCC_WARN_UNDECLARED_SELECTOR = YES;
				GCC_WARN_UNINITIALIZED_AUTOS = YES_AGGRESSIVE;
				GCC_WARN_UNUSED_FUNCTION = YES;
				GCC_WARN_UNUSED_VARIABLE = YES;
				IPHONEOS_DEPLOYMENT_TARGET = 10.1;
				MTL_ENABLE_DEBUG_INFO = YES;
				ONLY_ACTIVE_ARCH = YES;
				SDKROOT = iphoneos;
				SWIFT_ACTIVE_COMPILATION_CONDITIONS = DEBUG;
				SWIFT_OPTIMIZATION_LEVEL = "-Onone";
			};
			name = Debug;
		};
		521F5AE01E21642A00889FE1 /* Release */ = {
			isa = XCBuildConfiguration;
			buildSettings = {
				ALWAYS_SEARCH_USER_PATHS = NO;
				CLANG_ANALYZER_NONNULL = YES;
				CLANG_CXX_LANGUAGE_STANDARD = "gnu++0x";
				CLANG_CXX_LIBRARY = "libc++";
				CLANG_ENABLE_MODULES = YES;
				CLANG_ENABLE_OBJC_ARC = YES;
				CLANG_WARN_BOOL_CONVERSION = YES;
				CLANG_WARN_CONSTANT_CONVERSION = YES;
				CLANG_WARN_DIRECT_OBJC_ISA_USAGE = YES_ERROR;
				CLANG_WARN_DOCUMENTATION_COMMENTS = YES;
				CLANG_WARN_EMPTY_BODY = YES;
				CLANG_WARN_ENUM_CONVERSION = YES;
				CLANG_WARN_INFINITE_RECURSION = YES;
				CLANG_WARN_INT_CONVERSION = YES;
				CLANG_WARN_OBJC_ROOT_CLASS = YES_ERROR;
				CLANG_WARN_SUSPICIOUS_MOVES = YES;
				CLANG_WARN_UNREACHABLE_CODE = YES;
				CLANG_WARN__DUPLICATE_METHOD_MATCH = YES;
				"CODE_SIGN_IDENTITY[sdk=iphoneos*]" = "iPhone Developer";
				COPY_PHASE_STRIP = NO;
				DEBUG_INFORMATION_FORMAT = "dwarf-with-dsym";
				ENABLE_NS_ASSERTIONS = NO;
				ENABLE_STRICT_OBJC_MSGSEND = YES;
				GCC_C_LANGUAGE_STANDARD = gnu99;
				GCC_NO_COMMON_BLOCKS = YES;
				GCC_WARN_64_TO_32_BIT_CONVERSION = YES;
				GCC_WARN_ABOUT_RETURN_TYPE = YES_ERROR;
				GCC_WARN_UNDECLARED_SELECTOR = YES;
				GCC_WARN_UNINITIALIZED_AUTOS = YES_AGGRESSIVE;
				GCC_WARN_UNUSED_FUNCTION = YES;
				GCC_WARN_UNUSED_VARIABLE = YES;
				IPHONEOS_DEPLOYMENT_TARGET = 10.1;
				MTL_ENABLE_DEBUG_INFO = NO;
				SDKROOT = iphoneos;
				SWIFT_OPTIMIZATION_LEVEL = "-Owholemodule";
				VALIDATE_PRODUCT = YES;
			};
			name = Release;
		};
		521F5AE21E21642A00889FE1 /* Debug */ = {
			isa = XCBuildConfiguration;
			buildSettings = {
				ASSETCATALOG_COMPILER_APPICON_NAME = AppIcon;
				INFOPLIST_FILE = TodoList/Info.plist;
				LD_RUNPATH_SEARCH_PATHS = "$(inherited) @executable_path/Frameworks";
				PRODUCT_BUNDLE_IDENTIFIER = practice.johnroque.TodoList;
				PRODUCT_NAME = "$(TARGET_NAME)";
				SWIFT_VERSION = 3.0;
			};
			name = Debug;
		};
		521F5AE31E21642A00889FE1 /* Release */ = {
			isa = XCBuildConfiguration;
			buildSettings = {
				ASSETCATALOG_COMPILER_APPICON_NAME = AppIcon;
				INFOPLIST_FILE = TodoList/Info.plist;
				LD_RUNPATH_SEARCH_PATHS = "$(inherited) @executable_path/Frameworks";
				PRODUCT_BUNDLE_IDENTIFIER = practice.johnroque.TodoList;
				PRODUCT_NAME = "$(TARGET_NAME)";
				SWIFT_VERSION = 3.0;
			};
			name = Release;
		};
/* End XCBuildConfiguration section */

/* Begin XCConfigurationList section */
		521F5ACA1E21642900889FE1 /* Build configuration list for PBXProject "TodoList" */ = {
			isa = XCConfigurationList;
			buildConfigurations = (
				521F5ADF1E21642A00889FE1 /* Debug */,
				521F5AE01E21642A00889FE1 /* Release */,
			);
			defaultConfigurationIsVisible = 0;
			defaultConfigurationName = Release;
		};
		521F5AE11E21642A00889FE1 /* Build configuration list for PBXNativeTarget "TodoList" */ = {
			isa = XCConfigurationList;
			buildConfigurations = (
				521F5AE21E21642A00889FE1 /* Debug */,
				521F5AE31E21642A00889FE1 /* Release */,
			);
			defaultConfigurationIsVisible = 0;
			defaultConfigurationName = Release;
		};
/* End XCConfigurationList section */

/* Begin XCVersionGroup section */
		52B6C4E01E2203D10080B5EF /* TodoList.xcdatamodeld */ = {
			isa = XCVersionGroup;
			children = (
				52B6C4E11E2203D10080B5EF /* TodoList.xcdatamodel */,
			);
			currentVersion = 52B6C4E11E2203D10080B5EF /* TodoList.xcdatamodel */;
			path = TodoList.xcdatamodeld;
			sourceTree = "<group>";
			versionGroupType = wrapper.xcdatamodel;
		};
/* End XCVersionGroup section */
	};
	rootObject = 521F5AC71E21642900889FE1 /* Project object */;
}
